
Microsoft Visual Studio Solution File, Format Version 12.00
# Visual Studio 15
Project("{FAE04EC0-301F-11D3-BF4B-00C04F79EFBC}") = "calculatorD", "calculatorD\calculatorD.csproj", "{47AE1D9B-11E0-4B39-8010-C36431F9ADFA}"
EndProject
Global
	GlobalSection(SolutionConfigurationPlatforms) = preSolution
		Debug|x86 = Debug|x86
		Release|x86 = Release|x86
	EndGlobalSection
	GlobalSection(ProjectConfigurationPlatforms) = postSolution
		{47AE1D9B-11E0-4B39-8010-C36431F9ADFA}.Debug|x86.ActiveCfg = Debug|x86
		{47AE1D9B-11E0-4B39-8010-C36431F9ADFA}.Debug|x86.Build.0 = Debug|x86
		{47AE1D9B-11E0-4B39-8010-C36431F9ADFA}.Release|x86.ActiveCfg = Release|x86
		{47AE1D9B-11E0-4B39-8010-C36431F9ADFA}.Release|x86.Build.0 = Release|x86
	EndGlobalSection
EndGlobal
